
Microsoft Visual Studio Solution File, Format Version 12.00
# Visual Studio Version 17
VisualStudioVersion = 17.9.34616.47
MinimumVisualStudioVersion = 10.0.40219.1
Project("{FAE04EC0-301F-11D3-BF4B-00C04F79EFBC}") = "udotnet", "udotnet.csproj", "{10C0C588-0DDC-4B56-9A8E-9E3370E798C2}"
EndProject
Global
	GlobalSection(SolutionConfigurationPlatforms) = preSolution
		Debug|Any CPU = Debug|Any CPU
		Release|Any CPU = Release|Any CPU
	EndGlobalSection
	GlobalSection(ProjectConfigurationPlatforms) = postSolution
		{10C0C588-0DDC-4B56-9A8E-9E3370E798C2}.Debug|Any CPU.ActiveCfg = Debug|Any CPU
		{10C0C588-0DDC-4B56-9A8E-9E3370E798C2}.Debug|Any CPU.Build.0 = Debug|Any CPU
		{10C0C588-0DDC-4B56-9A8E-9E3370E798C2}.Release|Any CPU.ActiveCfg = Release|Any CPU
		{10C0C588-0DDC-4B56-9A8E-9E3370E798C2}.Release|Any CPU.Build.0 = Release|Any CPU
	EndGlobalSection
	GlobalSection(SolutionProperties) = preSolution
		HideSolutionNode = FALSE
	EndGlobalSection
	GlobalSection(ExtensibilityGlobals) = postSolution
		SolutionGuid = {6E2CF1DE-9242-40E9-97DD-D924F06C6363}
	EndGlobalSection
EndGlobal
